{
  "name": "japan-website",
  "version": "1.0.0",
  "lockfileVersion": 2,
  "requires": true,
  "packages": {
    "": {
      "name": "japan-website",
      "version": "1.0.0",
      "license": "ISC",
      "dependencies": {
        "ms-cursor": "^1.1.2"
      }
    },
    "node_modules/ms-cursor": {
      "version": "1.1.2",
      "resolved": "https://registry.npmjs.org/ms-cursor/-/ms-cursor-1.1.2.tgz",
      "integrity": "sha512-gy6ke7NToq2cTgX6EtHUNBVu2QO19WOTZaPgr4odi+rEjOhE/K81ixUELK/lFhiTqZu1h+4VHZZ1hY857FAY4w=="
    }
  },
  "dependencies": {
    "ms-cursor": {
      "version": "1.1.2",
      "resolved": "https://registry.npmjs.org/ms-cursor/-/ms-cursor-1.1.2.tgz",
      "integrity": "sha512-gy6ke7NToq2cTgX6EtHUNBVu2QO19WOTZaPgr4odi+rEjOhE/K81ixUELK/lFhiTqZu1h+4VHZZ1hY857FAY4w=="
    }
  }
}
